
Microsoft Visual Studio Solution File, Format Version 12.00
# Visual Studio 15
VisualStudioVersion = 15.0.27130.2036
MinimumVisualStudioVersion = 10.0.40219.1
Project("{D2ABAB84-BF74-430A-B69E-9DC6D40DDA17}") = "WWI_MD", "WWI_MD\WWI_MD.dwproj", "{4A6A6047-5904-4445-B7A9-ED47E82CA77F}"
EndProject
Global
	GlobalSection(SolutionConfigurationPlatforms) = preSolution
		Development|Default = Development|Default
	EndGlobalSection
	GlobalSection(ProjectConfigurationPlatforms) = postSolution
		{4A6A6047-5904-4445-B7A9-ED47E82CA77F}.Development|Default.ActiveCfg = Development
		{4A6A6047-5904-4445-B7A9-ED47E82CA77F}.Development|Default.Build.0 = Development
		{4A6A6047-5904-4445-B7A9-ED47E82CA77F}.Development|Default.Deploy.0 = Development
	EndGlobalSection
	GlobalSection(SolutionProperties) = preSolution
		HideSolutionNode = FALSE
	EndGlobalSection
	GlobalSection(ExtensibilityGlobals) = postSolution
		SolutionGuid = {92683C72-8BFE-4A6F-801A-1F9F5B15A734}
	EndGlobalSection
EndGlobal
